// !$*UTF8*$!
{
	archiveVersion = 1;
	classes = {
	};
	objectVersion = 50;
	objects = {

/* Begin PBXBuildFile section */
		4F5E98DB2345E01500AB2810 /* stdafx.cpp in Sources */ = {isa = PBXBuildFile; fileRef = 4F5E98D32345E01400AB2810 /* stdafx.cpp */; };
		4F5E98DC2345E01500AB2810 /* stdafx.h in Headers */ = {isa = PBXBuildFile; fileRef = 4F5E98D42345E01500AB2810 /* stdafx.h */; };
		4F5E98DD2345E01500AB2810 /* Wad.h in Headers */ = {isa = PBXBuildFile; fileRef = 4F5E98D52345E01500AB2810 /* Wad.h */; };
		4F5E98DE2345E01500AB2810 /* Wad.cpp in Sources */ = {isa = PBXBuildFile; fileRef = 4F5E98D62345E01500AB2810 /* Wad.cpp */; };
		4F5E98DF2345E01500AB2810 /* Lump.cpp in Sources */ = {isa = PBXBuildFile; fileRef = 4F5E98D72345E01500AB2810 /* Lump.cpp */; };
		4F5E98E02345E01500AB2810 /* targetver.h in Headers */ = {isa = PBXBuildFile; fileRef = 4F5E98D82345E01500AB2810 /* targetver.h */; };
		4F5E98E12345E01500AB2810 /* WadLib.cpp in Sources */ = {isa = PBXBuildFile; fileRef = 4F5E98D92345E01500AB2810 /* WadLib.cpp */; };
		4F5E98E22345E01500AB2810 /* Lump.h in Headers */ = {isa = PBXBuildFile; fileRef = 4F5E98DA2345E01500AB2810 /* Lump.h */; };
		4F5E98EA2345E85F00AB2810 /* main.cpp in Sources */ = {isa = PBXBuildFile; fileRef = 4F5E98E92345E85F00AB2810 /* main.cpp */; };
		4F5E98EF2345E87500AB2810 /* libWadLib.a in Frameworks */ = {isa = PBXBuildFile; fileRef = 4F5E98CB2345DFE400AB2810 /* libWadLib.a */; };
/* End PBXBuildFile section */

/* Begin PBXCopyFilesBuildPhase section */
		4F5E98E52345E85F00AB2810 /* CopyFiles */ = {
			isa = PBXCopyFilesBuildPhase;
			buildActionMask = 2147483647;
			dstPath = /usr/share/man/man1/;
			dstSubfolderSpec = 0;
			files = (
			);
			runOnlyForDeploymentPostprocessing = 1;
		};
/* End PBXCopyFilesBuildPhase section */

/* Begin PBXFileReference section */
		4F5E98CB2345DFE400AB2810 /* libWadLib.a */ = {isa = PBXFileReference; explicitFileType = archive.ar; includeInIndex = 0; path = libWadLib.a; sourceTree = BUILT_PRODUCTS_DIR; };
		4F5E98D32345E01400AB2810 /* stdafx.cpp */ = {isa = PBXFileReference; fileEncoding = 4; lastKnownFileType = sourcecode.cpp.cpp; name = stdafx.cpp; path = WadLib/stdafx.cpp; sourceTree = "<group>"; };
		4F5E98D42345E01500AB2810 /* stdafx.h */ = {isa = PBXFileReference; fileEncoding = 4; lastKnownFileType = sourcecode.c.h; name = stdafx.h; path = WadLib/stdafx.h; sourceTree = "<group>"; };
		4F5E98D52345E01500AB2810 /* Wad.h */ = {isa = PBXFileReference; fileEncoding = 4; lastKnownFileType = sourcecode.c.h; name = Wad.h; path = WadLib/Wad.h; sourceTree = "<group>"; };
		4F5E98D62345E01500AB2810 /* Wad.cpp */ = {isa = PBXFileReference; fileEncoding = 4; lastKnownFileType = sourcecode.cpp.cpp; name = Wad.cpp; path = WadLib/Wad.cpp; sourceTree = "<group>"; };
		4F5E98D72345E01500AB2810 /* Lump.cpp */ = {isa = PBXFileReference; fileEncoding = 4; lastKnownFileType = sourcecode.cpp.cpp; name = Lump.cpp; path = WadLib/Lump.cpp; sourceTree = "<group>"; };
		4F5E98D82345E01500AB2810 /* targetver.h */ = {isa = PBXFileReference; fileEncoding = 4; lastKnownFileType = sourcecode.c.h; name = targetver.h; path = WadLib/targetver.h; sourceTree = "<group>"; };
		4F5E98D92345E01500AB2810 /* WadLib.cpp */ = {isa = PBXFileReference; fileEncoding = 4; lastKnownFileType = sourcecode.cpp.cpp; name = WadLib.cpp; path = WadLib/WadLib.cpp; sourceTree = "<group>"; };
		4F5E98DA2345E01500AB2810 /* Lump.h */ = {isa = PBXFileReference; fileEncoding = 4; lastKnownFileType = sourcecode.c.h; name = Lump.h; path = WadLib/Lump.h; sourceTree = "<group>"; };
		4F5E98E72345E85F00AB2810 /* WadLibTest */ = {isa = PBXFileReference; explicitFileType = "compiled.mach-o.executable"; includeInIndex = 0; path = WadLibTest; sourceTree = BUILT_PRODUCTS_DIR; };
		4F5E98E92345E85F00AB2810 /* main.cpp */ = {isa = PBXFileReference; lastKnownFileType = sourcecode.cpp.cpp; path = main.cpp; sourceTree = "<group>"; };
/* End PBXFileReference section */

/* Begin PBXFrameworksBuildPhase section */
		4F5E98C92345DFE400AB2810 /* Frameworks */ = {
			isa = PBXFrameworksBuildPhase;
			buildActionMask = 2147483647;
			files = (
			);
			runOnlyForDeploymentPostprocessing = 0;
		};
		4F5E98E42345E85F00AB2810 /* Frameworks */ = {
			isa = PBXFrameworksBuildPhase;
			buildActionMask = 2147483647;
			files = (
				4F5E98EF2345E87500AB2810 /* libWadLib.a in Frameworks */,
			);
			runOnlyForDeploymentPostprocessing = 0;
		};
/* End PBXFrameworksBuildPhase section */

/* Begin PBXGroup section */
		4F5E98C22345DFE400AB2810 = {
			isa = PBXGroup;
			children = (
				4F5E98D22345E00500AB2810 /* Source */,
				4F5E98E82345E85F00AB2810 /* WadLibTest */,
				4F5E98CC2345DFE400AB2810 /* Products */,
				4F5E98EE2345E87500AB2810 /* Frameworks */,
			);
			indentWidth = 4;
			sourceTree = "<group>";
			tabWidth = 4;
		};
		4F5E98CC2345DFE400AB2810 /* Products */ = {
			isa = PBXGroup;
			children = (
				4F5E98CB2345DFE400AB2810 /* libWadLib.a */,
				4F5E98E72345E85F00AB2810 /* WadLibTest */,
			);
			name = Products;
			sourceTree = "<group>";
		};
		4F5E98D22345E00500AB2810 /* Source */ = {
			isa = PBXGroup;
			children = (
				4F5E98D72345E01500AB2810 /* Lump.cpp */,
				4F5E98DA2345E01500AB2810 /* Lump.h */,
				4F5E98D32345E01400AB2810 /* stdafx.cpp */,
				4F5E98D42345E01500AB2810 /* stdafx.h */,
				4F5E98D82345E01500AB2810 /* targetver.h */,
				4F5E98D62345E01500AB2810 /* Wad.cpp */,
				4F5E98D52345E01500AB2810 /* Wad.h */,
				4F5E98D92345E01500AB2810 /* WadLib.cpp */,
			);
			name = Source;
			sourceTree = "<group>";
		};
		4F5E98E82345E85F00AB2810 /* WadLibTest */ = {
			isa = PBXGroup;
			children = (
				4F5E98E92345E85F00AB2810 /* main.cpp */,
			);
			path = WadLibTest;
			sourceTree = "<group>";
		};
		4F5E98EE2345E87500AB2810 /* Frameworks */ = {
			isa = PBXGroup;
			children = (
			);
			name = Frameworks;
			sourceTree = "<group>";
		};
/* End PBXGroup section */

/* Begin PBXHeadersBuildPhase section */
		4F5E98C72345DFE400AB2810 /* Headers */ = {
			isa = PBXHeadersBuildPhase;
			buildActionMask = 2147483647;
			files = (
				4F5E98DC2345E01500AB2810 /* stdafx.h in Headers */,
				4F5E98DD2345E01500AB2810 /* Wad.h in Headers */,
				4F5E98E22345E01500AB2810 /* Lump.h in Headers */,
				4F5E98E02345E01500AB2810 /* targetver.h in Headers */,
			);
			runOnlyForDeploymentPostprocessing = 0;
		};
/* End PBXHeadersBuildPhase section */

/* Begin PBXNativeTarget section */
		4F5E98CA2345DFE400AB2810 /* WadLib */ = {
			isa = PBXNativeTarget;
			buildConfigurationList = 4F5E98CF2345DFE400AB2810 /* Build configuration list for PBXNativeTarget "WadLib" */;
			buildPhases = (
				4F5E98C72345DFE400AB2810 /* Headers */,
				4F5E98C82345DFE400AB2810 /* Sources */,
				4F5E98C92345DFE400AB2810 /* Frameworks */,
			);
			buildRules = (
			);
			dependencies = (
			);
			name = WadLib;
			productName = WadLib;
			productReference = 4F5E98CB2345DFE400AB2810 /* libWadLib.a */;
			productType = "com.apple.product-type.library.static";
		};
		4F5E98E62345E85F00AB2810 /* WadLibTest */ = {
			isa = PBXNativeTarget;
			buildConfigurationList = 4F5E98EB2345E85F00AB2810 /* Build configuration list for PBXNativeTarget "WadLibTest" */;
			buildPhases = (
				4F5E98E32345E85F00AB2810 /* Sources */,
				4F5E98E42345E85F00AB2810 /* Frameworks */,
				4F5E98E52345E85F00AB2810 /* CopyFiles */,
			);
			buildRules = (
			);
			dependencies = (
			);
			name = WadLibTest;
			productName = WadLibTest;
			productReference = 4F5E98E72345E85F00AB2810 /* WadLibTest */;
			productType = "com.apple.product-type.tool";
		};
/* End PBXNativeTarget section */

/* Begin PBXProject section */
		4F5E98C32345DFE400AB2810 /* Project object */ = {
			isa = PBXProject;
			attributes = {
				LastUpgradeCheck = 1100;
				ORGANIZATIONNAME = "Ioan Chera";
				TargetAttributes = {
					4F5E98CA2345DFE400AB2810 = {
						CreatedOnToolsVersion = 11.0;
					};
					4F5E98E62345E85F00AB2810 = {
						CreatedOnToolsVersion = 11.0;
					};
				};
			};
			buildConfigurationList = 4F5E98C62345DFE400AB2810 /* Build configuration list for PBXProject "WadLib" */;
			compatibilityVersion = "Xcode 9.3";
			developmentRegion = en;
			hasScannedForEncodings = 0;
			knownRegions = (
				en,
				Base,
			);
			mainGroup = 4F5E98C22345DFE400AB2810;
			productRefGroup = 4F5E98CC2345DFE400AB2810 /* Products */;
			projectDirPath = "";
			projectRoot = "";
			targets = (
				4F5E98CA2345DFE400AB2810 /* WadLib */,
				4F5E98E62345E85F00AB2810 /* WadLibTest */,
			);
		};
/* End PBXProject section */

/* Begin PBXSourcesBuildPhase section */
		4F5E98C82345DFE400AB2810 /* Sources */ = {
			isa = PBXSourcesBuildPhase;
			buildActionMask = 2147483647;
			files = (
				4F5E98DF2345E01500AB2810 /* Lump.cpp in Sources */,
				4F5E98DE2345E01500AB2810 /* Wad.cpp in Sources */,
				4F5E98E12345E01500AB2810 /* WadLib.cpp in Sources */,
				4F5E98DB2345E01500AB2810 /* stdafx.cpp in Sources */,
			);
			runOnlyForDeploymentPostprocessing = 0;
		};
		4F5E98E32345E85F00AB2810 /* Sources */ = {
			isa = PBXSourcesBuildPhase;
			buildActionMask = 2147483647;
			files = (
				4F5E98EA2345E85F00AB2810 /* main.cpp in Sources */,
			);
			runOnlyForDeploymentPostprocessing = 0;
		};
/* End PBXSourcesBuildPhase section */

/* Begin XCBuildConfiguration section */
		4F5E98CD2345DFE400AB2810 /* Debug */ = {
			isa = XCBuildConfiguration;
			buildSettings = {
				ALWAYS_SEARCH_USER_PATHS = NO;
				CLANG_ANALYZER_NONNULL = YES;
				CLANG_ANALYZER_NUMBER_OBJECT_CONVERSION = YES_AGGRESSIVE;
				CLANG_CXX_LANGUAGE_STANDARD = "gnu++14";
				CLANG_CXX_LIBRARY = "libc++";
				CLANG_ENABLE_MODULES = YES;
				CLANG_ENABLE_OBJC_ARC = YES;
				CLANG_ENABLE_OBJC_WEAK = YES;
				CLANG_WARN_BLOCK_CAPTURE_AUTORELEASING = YES;
				CLANG_WARN_BOOL_CONVERSION = YES;
				CLANG_WARN_COMMA = YES;
				CLANG_WARN_CONSTANT_CONVERSION = YES;
				CLANG_WARN_DEPRECATED_OBJC_IMPLEMENTATIONS = YES;
				CLANG_WARN_DIRECT_OBJC_ISA_USAGE = YES_ERROR;
				CLANG_WARN_DOCUMENTATION_COMMENTS = YES;
				CLANG_WARN_EMPTY_BODY = YES;
				CLANG_WARN_ENUM_CONVERSION = YES;
				CLANG_WARN_INFINITE_RECURSION = YES;
				CLANG_WARN_INT_CONVERSION = YES;
				CLANG_WARN_NON_LITERAL_NULL_CONVERSION = YES;
				CLANG_WARN_OBJC_IMPLICIT_RETAIN_SELF = YES;
				CLANG_WARN_OBJC_LITERAL_CONVERSION = YES;
				CLANG_WARN_OBJC_ROOT_CLASS = YES_ERROR;
				CLANG_WARN_RANGE_LOOP_ANALYSIS = YES;
				CLANG_WARN_STRICT_PROTOTYPES = YES;
				CLANG_WARN_SUSPICIOUS_MOVE = YES;
				CLANG_WARN_UNGUARDED_AVAILABILITY = YES_AGGRESSIVE;
				CLANG_WARN_UNREACHABLE_CODE = YES;
				CLANG_WARN__DUPLICATE_METHOD_MATCH = YES;
				COPY_PHASE_STRIP = NO;
				DEBUG_INFORMATION_FORMAT = dwarf;
				ENABLE_STRICT_OBJC_MSGSEND = YES;
				ENABLE_TESTABILITY = YES;
				GCC_C_LANGUAGE_STANDARD = gnu11;
				GCC_DYNAMIC_NO_PIC = NO;
				GCC_NO_COMMON_BLOCKS = YES;
				GCC_OPTIMIZATION_LEVEL = 0;
				GCC_PREPROCESSOR_DEFINITIONS = (
					"DEBUG=1",
					"$(inherited)",
				);
				GCC_WARN_64_TO_32_BIT_CONVERSION = YES;
				GCC_WARN_ABOUT_RETURN_TYPE = YES_ERROR;
				GCC_WARN_UNDECLARED_SELECTOR = YES;
				GCC_WARN_UNINITIALIZED_AUTOS = YES_AGGRESSIVE;
				GCC_WARN_UNUSED_FUNCTION = YES;
				GCC_WARN_UNUSED_VARIABLE = YES;
				MACOSX_DEPLOYMENT_TARGET = 10.14;
				MTL_ENABLE_DEBUG_INFO = INCLUDE_SOURCE;
				MTL_FAST_MATH = YES;
				ONLY_ACTIVE_ARCH = YES;
				SDKROOT = macosx;
			};
			name = Debug;
		};
		4F5E98CE2345DFE400AB2810 /* Release */ = {
			isa = XCBuildConfiguration;
			buildSettings = {
				ALWAYS_SEARCH_USER_PATHS = NO;
				CLANG_ANALYZER_NONNULL = YES;
				CLANG_ANALYZER_NUMBER_OBJECT_CONVERSION = YES_AGGRESSIVE;
				CLANG_CXX_LANGUAGE_STANDARD = "gnu++14";
				CLANG_CXX_LIBRARY = "libc++";
				CLANG_ENABLE_MODULES = YES;
				CLANG_ENABLE_OBJC_ARC = YES;
				CLANG_ENABLE_OBJC_WEAK = YES;
				CLANG_WARN_BLOCK_CAPTURE_AUTORELEASING = YES;
				CLANG_WARN_BOOL_CONVERSION = YES;
				CLANG_WARN_COMMA = YES;
				CLANG_WARN_CONSTANT_CONVERSION = YES;
				CLANG_WARN_DEPRECATED_OBJC_IMPLEMENTATIONS = YES;
				CLANG_WARN_DIRECT_OBJC_ISA_USAGE = YES_ERROR;
				CLANG_WARN_DOCUMENTATION_COMMENTS = YES;
				CLANG_WARN_EMPTY_BODY = YES;
				CLANG_WARN_ENUM_CONVERSION = YES;
				CLANG_WARN_INFINITE_RECURSION = YES;
				CLANG_WARN_INT_CONVERSION = YES;
				CLANG_WARN_NON_LITERAL_NULL_CONVERSION = YES;
				CLANG_WARN_OBJC_IMPLICIT_RETAIN_SELF = YES;
				CLANG_WARN_OBJC_LITERAL_CONVERSION = YES;
				CLANG_WARN_OBJC_ROOT_CLASS = YES_ERROR;
				CLANG_WARN_RANGE_LOOP_ANALYSIS = YES;
				CLANG_WARN_STRICT_PROTOTYPES = YES;
				CLANG_WARN_SUSPICIOUS_MOVE = YES;
				CLANG_WARN_UNGUARDED_AVAILABILITY = YES_AGGRESSIVE;
				CLANG_WARN_UNREACHABLE_CODE = YES;
				CLANG_WARN__DUPLICATE_METHOD_MATCH = YES;
				COPY_PHASE_STRIP = NO;
				DEBUG_INFORMATION_FORMAT = "dwarf-with-dsym";
				ENABLE_NS_ASSERTIONS = NO;
				ENABLE_STRICT_OBJC_MSGSEND = YES;
				GCC_C_LANGUAGE_STANDARD = gnu11;
				GCC_NO_COMMON_BLOCKS = YES;
				GCC_WARN_64_TO_32_BIT_CONVERSION = YES;
				GCC_WARN_ABOUT_RETURN_TYPE = YES_ERROR;
				GCC_WARN_UNDECLARED_SELECTOR = YES;
				GCC_WARN_UNINITIALIZED_AUTOS = YES_AGGRESSIVE;
				GCC_WARN_UNUSED_FUNCTION = YES;
				GCC_WARN_UNUSED_VARIABLE = YES;
				MACOSX_DEPLOYMENT_TARGET = 10.14;
				MTL_ENABLE_DEBUG_INFO = NO;
				MTL_FAST_MATH = YES;
				SDKROOT = macosx;
			};
			name = Release;
		};
		4F5E98D02345DFE400AB2810 /* Debug */ = {
			isa = XCBuildConfiguration;
			buildSettings = {
				CODE_SIGN_STYLE = Automatic;
				DEVELOPMENT_TEAM = 66L236F264;
				EXECUTABLE_PREFIX = lib;
				PRODUCT_NAME = "$(TARGET_NAME)";
				SKIP_INSTALL = YES;
			};
			name = Debug;
		};
		4F5E98D12345DFE400AB2810 /* Release */ = {
			isa = XCBuildConfiguration;
			buildSettings = {
				CODE_SIGN_STYLE = Automatic;
				DEVELOPMENT_TEAM = 66L236F264;
				EXECUTABLE_PREFIX = lib;
				PRODUCT_NAME = "$(TARGET_NAME)";
				SKIP_INSTALL = YES;
			};
			name = Release;
		};
		4F5E98EC2345E85F00AB2810 /* Debug */ = {
			isa = XCBuildConfiguration;
			buildSettings = {
				CODE_SIGN_STYLE = Automatic;
				DEVELOPMENT_TEAM = 66L236F264;
				ENABLE_HARDENED_RUNTIME = YES;
				PRODUCT_NAME = "$(TARGET_NAME)";
			};
			name = Debug;
		};
		4F5E98ED2345E85F00AB2810 /* Release */ = {
			isa = XCBuildConfiguration;
			buildSettings = {
				CODE_SIGN_STYLE = Automatic;
				DEVELOPMENT_TEAM = 66L236F264;
				ENABLE_HARDENED_RUNTIME = YES;
				PRODUCT_NAME = "$(TARGET_NAME)";
			};
			name = Release;
		};
/* End XCBuildConfiguration section */

/* Begin XCConfigurationList section */
		4F5E98C62345DFE400AB2810 /* Build configuration list for PBXProject "WadLib" */ = {
			isa = XCConfigurationList;
			buildConfigurations = (
				4F5E98CD2345DFE400AB2810 /* Debug */,
				4F5E98CE2345DFE400AB2810 /* Release */,
			);
			defaultConfigurationIsVisible = 0;
			defaultConfigurationName = Release;
		};
		4F5E98CF2345DFE400AB2810 /* Build configuration list for PBXNativeTarget "WadLib" */ = {
			isa = XCConfigurationList;
			buildConfigurations = (
				4F5E98D02345DFE400AB2810 /* Debug */,
				4F5E98D12345DFE400AB2810 /* Release */,
			);
			defaultConfigurationIsVisible = 0;
			defaultConfigurationName = Release;
		};
		4F5E98EB2345E85F00AB2810 /* Build configuration list for PBXNativeTarget "WadLibTest" */ = {
			isa = XCConfigurationList;
			buildConfigurations = (
				4F5E98EC2345E85F00AB2810 /* Debug */,
				4F5E98ED2345E85F00AB2810 /* Release */,
			);
			defaultConfigurationIsVisible = 0;
			defaultConfigurationName = Release;
		};
/* End XCConfigurationList section */
	};
	rootObject = 4F5E98C32345DFE400AB2810 /* Project object */;
}
